
Microsoft Visual Studio Solution File, Format Version 12.00
# Visual Studio Version 16
VisualStudioVersion = 16.0.30011.22
MinimumVisualStudioVersion = 10.0.40219.1
Project("{9A19103F-16F7-4668-BE54-9A1E7A4F7556}") = "PresentationLayer", "PresentationLayer\PresentationLayer.csproj", "{870D373D-AD58-4184-B731-16DBEC4BE4E9}"
EndProject
Project("{9A19103F-16F7-4668-BE54-9A1E7A4F7556}") = "DataAccessLayer", "DataAccessLayer\DataAccessLayer.csproj", "{E45A8664-87EE-4923-BFD9-9F10782477F1}"
EndProject
Project("{9A19103F-16F7-4668-BE54-9A1E7A4F7556}") = "BusinessLogicLayer", "BusinessLogicLayer\BusinessLogicLayer.csproj", "{402E33E7-49F9-4E7F-9B1B-58D28334179C}"
EndProject
Global
	GlobalSection(SolutionConfigurationPlatforms) = preSolution
		Debug|Any CPU = Debug|Any CPU
		Release|Any CPU = Release|Any CPU
	EndGlobalSection
	GlobalSection(ProjectConfigurationPlatforms) = postSolution
		{870D373D-AD58-4184-B731-16DBEC4BE4E9}.Debug|Any CPU.ActiveCfg = Debug|Any CPU
		{870D373D-AD58-4184-B731-16DBEC4BE4E9}.Debug|Any CPU.Build.0 = Debug|Any CPU
		{870D373D-AD58-4184-B731-16DBEC4BE4E9}.Release|Any CPU.ActiveCfg = Release|Any CPU
		{870D373D-AD58-4184-B731-16DBEC4BE4E9}.Release|Any CPU.Build.0 = Release|Any CPU
		{E45A8664-87EE-4923-BFD9-9F10782477F1}.Debug|Any CPU.ActiveCfg = Debug|Any CPU
		{E45A8664-87EE-4923-BFD9-9F10782477F1}.Debug|Any CPU.Build.0 = Debug|Any CPU
		{E45A8664-87EE-4923-BFD9-9F10782477F1}.Release|Any CPU.ActiveCfg = Release|Any CPU
		{E45A8664-87EE-4923-BFD9-9F10782477F1}.Release|Any CPU.Build.0 = Release|Any CPU
		{402E33E7-49F9-4E7F-9B1B-58D28334179C}.Debug|Any CPU.ActiveCfg = Debug|Any CPU
		{402E33E7-49F9-4E7F-9B1B-58D28334179C}.Debug|Any CPU.Build.0 = Debug|Any CPU
		{402E33E7-49F9-4E7F-9B1B-58D28334179C}.Release|Any CPU.ActiveCfg = Release|Any CPU
		{402E33E7-49F9-4E7F-9B1B-58D28334179C}.Release|Any CPU.Build.0 = Release|Any CPU
	EndGlobalSection
	GlobalSection(SolutionProperties) = preSolution
		HideSolutionNode = FALSE
	EndGlobalSection
	GlobalSection(ExtensibilityGlobals) = postSolution
		SolutionGuid = {FFFA34B4-8E17-4421-8D83-3149DFCE1FEF}
	EndGlobalSection
EndGlobal
